
Microsoft Visual Studio Solution File, Format Version 12.00
Project("{FAE04EC0-301F-11D3-BF4B-00C04F79EFBC}") = "MovieScript", "MovieScript\MovieScript.csproj", "{20AFDA5C-F94C-4C4F-BCFA-B5C6A6BABBF2}"
EndProject
Global
	GlobalSection(SolutionConfigurationPlatforms) = preSolution
		Debug|Any CPU = Debug|Any CPU
		Release|Any CPU = Release|Any CPU
	EndGlobalSection
	GlobalSection(ProjectConfigurationPlatforms) = postSolution
		{20AFDA5C-F94C-4C4F-BCFA-B5C6A6BABBF2}.Debug|Any CPU.ActiveCfg = Debug|Any CPU
		{20AFDA5C-F94C-4C4F-BCFA-B5C6A6BABBF2}.Debug|Any CPU.Build.0 = Debug|Any CPU
		{20AFDA5C-F94C-4C4F-BCFA-B5C6A6BABBF2}.Release|Any CPU.ActiveCfg = Release|Any CPU
		{20AFDA5C-F94C-4C4F-BCFA-B5C6A6BABBF2}.Release|Any CPU.Build.0 = Release|Any CPU
	EndGlobalSection
EndGlobal
